PODS:
  - Charts (3.0.3):
    - Charts/Core (= 3.0.3)
  - Charts/Core (3.0.3)
  - JBDatePicker (1.2.3)
  - Realm (2.10.1):
    - Realm/Headers (= 2.10.1)
  - Realm/Headers (2.10.1)
  - RealmSwift (2.10.1):
    - Realm (= 2.10.1)

DEPENDENCIES:
  - Charts
  - JBDatePicker
  - RealmSwift

SPEC CHECKSUMS:
  Charts: bcde37724c161958c1438dd4883971fcb2d50c06
  JBDatePicker: 7130ca86cb2ba1e49d5050b311ba5a14968c18b9
  Realm: fc7a317a5c2c9ba91f5f235ede4e2ea76e9eba0c
  RealmSwift: 505ed6c15942a2e76f5cfa78a8667cfa997ee75b

PODFILE CHECKSUM: 5c09f7868f663e0cf14d822268b80737c1f0c77c

COCOAPODS: 1.1.1
